
Microsoft Visual Studio Solution File, Format Version 12.00
# Visual Studio Version 17
VisualStudioVersion = 17.4.33103.184
MinimumVisualStudioVersion = 10.0.40219.1
Project("{FAE04EC0-301F-11D3-BF4B-00C04F79EFBC}") = "JogoDaVelha", "JogoDaVelha.csproj", "{0B9E6793-F12A-4D64-807E-4221A209A4A7}"
EndProject
Global
	GlobalSection(SolutionConfigurationPlatforms) = preSolution
		Debug|Any CPU = Debug|Any CPU
		Release|Any CPU = Release|Any CPU
	EndGlobalSection
	GlobalSection(ProjectConfigurationPlatforms) = postSolution
		{0B9E6793-F12A-4D64-807E-4221A209A4A7}.Debug|Any CPU.ActiveCfg = Debug|Any CPU
		{0B9E6793-F12A-4D64-807E-4221A209A4A7}.Debug|Any CPU.Build.0 = Debug|Any CPU
		{0B9E6793-F12A-4D64-807E-4221A209A4A7}.Release|Any CPU.ActiveCfg = Release|Any CPU
		{0B9E6793-F12A-4D64-807E-4221A209A4A7}.Release|Any CPU.Build.0 = Release|Any CPU
	EndGlobalSection
	GlobalSection(SolutionProperties) = preSolution
		HideSolutionNode = FALSE
	EndGlobalSection
	GlobalSection(ExtensibilityGlobals) = postSolution
		SolutionGuid = {16E472C6-00FD-41A4-95D1-EF7F13A66CAE}
	EndGlobalSection
EndGlobal
